// !$*UTF8*$!
{
	archiveVersion = 1;
	classes = {
	};
	objectVersion = 50;
	objects = {

/* Begin PBXBuildFile section */
		FA68B6B725D684050019BD33 /* ResultViewControllerTest.swift in Sources */ = {isa = PBXBuildFile; fileRef = FA68B6B625D684050019BD33 /* ResultViewControllerTest.swift */; };
		FA68B6BB25D685D40019BD33 /* ResultViewController.swift in Sources */ = {isa = PBXBuildFile; fileRef = FA68B6BA25D685D40019BD33 /* ResultViewController.swift */; };
		FA68B6CB25D687760019BD33 /* ResultViewController.xib in Resources */ = {isa = PBXBuildFile; fileRef = FA68B6CA25D687760019BD33 /* ResultViewController.xib */; };
		FA68B6D125D6C8F70019BD33 /* TableViewHelpers.swift in Sources */ = {isa = PBXBuildFile; fileRef = FA68B6D025D6C8F60019BD33 /* TableViewHelpers.swift */; };
		FA691BDF25D904D6009027C9 /* CorrectAnswerCell.xib in Resources */ = {isa = PBXBuildFile; fileRef = FA691BDE25D904D6009027C9 /* CorrectAnswerCell.xib */; };
		FA691BE325D915D0009027C9 /* WrongAnswerCell.xib in Resources */ = {isa = PBXBuildFile; fileRef = FA691BE225D915D0009027C9 /* WrongAnswerCell.xib */; };
		FAC63C7E25C81376009A675F /* AppDelegate.swift in Sources */ = {isa = PBXBuildFile; fileRef = FAC63C7D25C81376009A675F /* AppDelegate.swift */; };
		FAC63C8025C81376009A675F /* SceneDelegate.swift in Sources */ = {isa = PBXBuildFile; fileRef = FAC63C7F25C81376009A675F /* SceneDelegate.swift */; };
		FAC63C8725C81380009A675F /* Assets.xcassets in Resources */ = {isa = PBXBuildFile; fileRef = FAC63C8625C81380009A675F /* Assets.xcassets */; };
		FAC63C8A25C81380009A675F /* LaunchScreen.storyboard in Resources */ = {isa = PBXBuildFile; fileRef = FAC63C8825C81380009A675F /* LaunchScreen.storyboard */; };
		FAC63CB425C81458009A675F /* QuestionViewControllerTest.swift in Sources */ = {isa = PBXBuildFile; fileRef = FAC63CB325C81458009A675F /* QuestionViewControllerTest.swift */; };
		FAC63CB925C8158C009A675F /* QuestionViewController.swift in Sources */ = {isa = PBXBuildFile; fileRef = FAC63CB825C8158C009A675F /* QuestionViewController.swift */; };
		FAC63CBE25C8169B009A675F /* QuestionViewController.xib in Resources */ = {isa = PBXBuildFile; fileRef = FAC63CBD25C8169B009A675F /* QuestionViewController.xib */; };
/* End PBXBuildFile section */

/* Begin PBXContainerItemProxy section */
		FAC63C9125C81382009A675F /* PBXContainerItemProxy */ = {
			isa = PBXContainerItemProxy;
			containerPortal = FAC63C7225C81376009A675F /* Project object */;
			proxyType = 1;
			remoteGlobalIDString = FAC63C7925C81376009A675F;
			remoteInfo = QuizApp;
		};
/* End PBXContainerItemProxy section */

/* Begin PBXFileReference section */
		FA68B6B625D684050019BD33 /* ResultViewControllerTest.swift */ = {isa = PBXFileReference; lastKnownFileType = sourcecode.swift; path = ResultViewControllerTest.swift; sourceTree = "<group>"; };
		FA68B6BA25D685D40019BD33 /* ResultViewController.swift */ = {isa = PBXFileReference; lastKnownFileType = sourcecode.swift; path = ResultViewController.swift; sourceTree = "<group>"; };
		FA68B6CA25D687760019BD33 /* ResultViewController.xib */ = {isa = PBXFileReference; lastKnownFileType = file.xib; path = ResultViewController.xib; sourceTree = "<group>"; };
		FA68B6D025D6C8F60019BD33 /* TableViewHelpers.swift */ = {isa = PBXFileReference; lastKnownFileType = sourcecode.swift; path = TableViewHelpers.swift; sourceTree = "<group>"; };
		FA691BDE25D904D6009027C9 /* CorrectAnswerCell.xib */ = {isa = PBXFileReference; lastKnownFileType = file.xib; path = CorrectAnswerCell.xib; sourceTree = "<group>"; };
		FA691BE225D915D0009027C9 /* WrongAnswerCell.xib */ = {isa = PBXFileReference; lastKnownFileType = file.xib; path = WrongAnswerCell.xib; sourceTree = "<group>"; };
		FAC63C7A25C81376009A675F /* QuizApp.app */ = {isa = PBXFileReference; explicitFileType = wrapper.application; includeInIndex = 0; path = QuizApp.app; sourceTree = BUILT_PRODUCTS_DIR; };
		FAC63C7D25C81376009A675F /* AppDelegate.swift */ = {isa = PBXFileReference; lastKnownFileType = sourcecode.swift; path = AppDelegate.swift; sourceTree = "<group>"; };
		FAC63C7F25C81376009A675F /* SceneDelegate.swift */ = {isa = PBXFileReference; lastKnownFileType = sourcecode.swift; path = SceneDelegate.swift; sourceTree = "<group>"; };
		FAC63C8625C81380009A675F /* Assets.xcassets */ = {isa = PBXFileReference; lastKnownFileType = folder.assetcatalog; path = Assets.xcassets; sourceTree = "<group>"; };
		FAC63C8925C81380009A675F /* Base */ = {isa = PBXFileReference; lastKnownFileType = file.storyboard; name = Base; path = Base.lproj/LaunchScreen.storyboard; sourceTree = "<group>"; };
		FAC63C8B25C81380009A675F /* Info.plist */ = {isa = PBXFileReference; lastKnownFileType = text.plist.xml; path = Info.plist; sourceTree = "<group>"; };
		FAC63C9025C81382009A675F /* QuizAppTests.xctest */ = {isa = PBXFileReference; explicitFileType = wrapper.cfbundle; includeInIndex = 0; path = QuizAppTests.xctest; sourceTree = BUILT_PRODUCTS_DIR; };
		FAC63C9625C81382009A675F /* Info.plist */ = {isa = PBXFileReference; lastKnownFileType = text.plist.xml; path = Info.plist; sourceTree = "<group>"; };
		FAC63CB325C81458009A675F /* QuestionViewControllerTest.swift */ = {isa = PBXFileReference; lastKnownFileType = sourcecode.swift; path = QuestionViewControllerTest.swift; sourceTree = "<group>"; };
		FAC63CB825C8158C009A675F /* QuestionViewController.swift */ = {isa = PBXFileReference; lastKnownFileType = sourcecode.swift; path = QuestionViewController.swift; sourceTree = "<group>"; };
		FAC63CBD25C8169B009A675F /* QuestionViewController.xib */ = {isa = PBXFileReference; lastKnownFileType = file.xib; path = QuestionViewController.xib; sourceTree = "<group>"; };
/* End PBXFileReference section */

/* Begin PBXFrameworksBuildPhase section */
		FAC63C7725C81376009A675F /* Frameworks */ = {
			isa = PBXFrameworksBuildPhase;
			buildActionMask = 2147483647;
			files = (
			);
			runOnlyForDeploymentPostprocessing = 0;
		};
		FAC63C8D25C81382009A675F /* Frameworks */ = {
			isa = PBXFrameworksBuildPhase;
			buildActionMask = 2147483647;
			files = (
			);
			runOnlyForDeploymentPostprocessing = 0;
		};
/* End PBXFrameworksBuildPhase section */

/* Begin PBXGroup section */
		FAC63C7125C81376009A675F = {
			isa = PBXGroup;
			children = (
				FAC63C7C25C81376009A675F /* QuizApp */,
				FAC63C9325C81382009A675F /* QuizAppTests */,
				FAC63C7B25C81376009A675F /* Products */,
			);
			sourceTree = "<group>";
		};
		FAC63C7B25C81376009A675F /* Products */ = {
			isa = PBXGroup;
			children = (
				FAC63C7A25C81376009A675F /* QuizApp.app */,
				FAC63C9025C81382009A675F /* QuizAppTests.xctest */,
			);
			name = Products;
			sourceTree = "<group>";
		};
		FAC63C7C25C81376009A675F /* QuizApp */ = {
			isa = PBXGroup;
			children = (
				FAC63C7D25C81376009A675F /* AppDelegate.swift */,
				FAC63C7F25C81376009A675F /* SceneDelegate.swift */,
				FAC63C8625C81380009A675F /* Assets.xcassets */,
				FAC63C8825C81380009A675F /* LaunchScreen.storyboard */,
				FAC63C8B25C81380009A675F /* Info.plist */,
				FAC63CB825C8158C009A675F /* QuestionViewController.swift */,
				FAC63CBD25C8169B009A675F /* QuestionViewController.xib */,
				FA68B6BA25D685D40019BD33 /* ResultViewController.swift */,
				FA68B6CA25D687760019BD33 /* ResultViewController.xib */,
				FA691BDE25D904D6009027C9 /* CorrectAnswerCell.xib */,
				FA691BE225D915D0009027C9 /* WrongAnswerCell.xib */,
			);
			path = QuizApp;
			sourceTree = "<group>";
		};
		FAC63C9325C81382009A675F /* QuizAppTests */ = {
			isa = PBXGroup;
			children = (
				FAC63C9625C81382009A675F /* Info.plist */,
				FAC63CB325C81458009A675F /* QuestionViewControllerTest.swift */,
				FA68B6B625D684050019BD33 /* ResultViewControllerTest.swift */,
				FA68B6D025D6C8F60019BD33 /* TableViewHelpers.swift */,
			);
			path = QuizAppTests;
			sourceTree = "<group>";
		};
/* End PBXGroup section */

/* Begin PBXNativeTarget section */
		FAC63C7925C81376009A675F /* QuizApp */ = {
			isa = PBXNativeTarget;
			buildConfigurationList = FAC63CA425C81382009A675F /* Build configuration list for PBXNativeTarget "QuizApp" */;
			buildPhases = (
				FAC63C7625C81376009A675F /* Sources */,
				FAC63C7725C81376009A675F /* Frameworks */,
				FAC63C7825C81376009A675F /* Resources */,
			);
			buildRules = (
			);
			dependencies = (
			);
			name = QuizApp;
			productName = QuizApp;
			productReference = FAC63C7A25C81376009A675F /* QuizApp.app */;
			productType = "com.apple.product-type.application";
		};
		FAC63C8F25C81382009A675F /* QuizAppTests */ = {
			isa = PBXNativeTarget;
			buildConfigurationList = FAC63CA725C81382009A675F /* Build configuration list for PBXNativeTarget "QuizAppTests" */;
			buildPhases = (
				FAC63C8C25C81382009A675F /* Sources */,
				FAC63C8D25C81382009A675F /* Frameworks */,
				FAC63C8E25C81382009A675F /* Resources */,
			);
			buildRules = (
			);
			dependencies = (
				FAC63C9225C81382009A675F /* PBXTargetDependency */,
			);
			name = QuizAppTests;
			productName = QuizAppTests;
			productReference = FAC63C9025C81382009A675F /* QuizAppTests.xctest */;
			productType = "com.apple.product-type.bundle.unit-test";
		};
/* End PBXNativeTarget section */

/* Begin PBXProject section */
		FAC63C7225C81376009A675F /* Project object */ = {
			isa = PBXProject;
			attributes = {
				LastSwiftUpdateCheck = 1200;
				LastUpgradeCheck = 1200;
				TargetAttributes = {
					FAC63C7925C81376009A675F = {
						CreatedOnToolsVersion = 12.0.1;
					};
					FAC63C8F25C81382009A675F = {
						CreatedOnToolsVersion = 12.0.1;
						TestTargetID = FAC63C7925C81376009A675F;
					};
				};
			};
			buildConfigurationList = FAC63C7525C81376009A675F /* Build configuration list for PBXProject "QuizApp" */;
			compatibilityVersion = "Xcode 9.3";
			developmentRegion = en;
			hasScannedForEncodings = 0;
			knownRegions = (
				en,
				Base,
			);
			mainGroup = FAC63C7125C81376009A675F;
			productRefGroup = FAC63C7B25C81376009A675F /* Products */;
			projectDirPath = "";
			projectRoot = "";
			targets = (
				FAC63C7925C81376009A675F /* QuizApp */,
				FAC63C8F25C81382009A675F /* QuizAppTests */,
			);
		};
/* End PBXProject section */

/* Begin PBXResourcesBuildPhase section */
		FAC63C7825C81376009A675F /* Resources */ = {
			isa = PBXResourcesBuildPhase;
			buildActionMask = 2147483647;
			files = (
				FAC63C8A25C81380009A675F /* LaunchScreen.storyboard in Resources */,
				FA691BE325D915D0009027C9 /* WrongAnswerCell.xib in Resources */,
				FAC63C8725C81380009A675F /* Assets.xcassets in Resources */,
				FAC63CBE25C8169B009A675F /* QuestionViewController.xib in Resources */,
				FA691BDF25D904D6009027C9 /* CorrectAnswerCell.xib in Resources */,
				FA68B6CB25D687760019BD33 /* ResultViewController.xib in Resources */,
			);
			runOnlyForDeploymentPostprocessing = 0;
		};
		FAC63C8E25C81382009A675F /* Resources */ = {
			isa = PBXResourcesBuildPhase;
			buildActionMask = 2147483647;
			files = (
			);
			runOnlyForDeploymentPostprocessing = 0;
		};
/* End PBXResourcesBuildPhase section */

/* Begin PBXSourcesBuildPhase section */
		FAC63C7625C81376009A675F /* Sources */ = {
			isa = PBXSourcesBuildPhase;
			buildActionMask = 2147483647;
			files = (
				FAC63C7E25C81376009A675F /* AppDelegate.swift in Sources */,
				FAC63C8025C81376009A675F /* SceneDelegate.swift in Sources */,
				FAC63CB925C8158C009A675F /* QuestionViewController.swift in Sources */,
				FA68B6BB25D685D40019BD33 /* ResultViewController.swift in Sources */,
			);
			runOnlyForDeploymentPostprocessing = 0;
		};
		FAC63C8C25C81382009A675F /* Sources */ = {
			isa = PBXSourcesBuildPhase;
			buildActionMask = 2147483647;
			files = (
				FAC63CB425C81458009A675F /* QuestionViewControllerTest.swift in Sources */,
				FA68B6D125D6C8F70019BD33 /* TableViewHelpers.swift in Sources */,
				FA68B6B725D684050019BD33 /* ResultViewControllerTest.swift in Sources */,
			);
			runOnlyForDeploymentPostprocessing = 0;
		};
/* End PBXSourcesBuildPhase section */

/* Begin PBXTargetDependency section */
		FAC63C9225C81382009A675F /* PBXTargetDependency */ = {
			isa = PBXTargetDependency;
			target = FAC63C7925C81376009A675F /* QuizApp */;
			targetProxy = FAC63C9125C81382009A675F /* PBXContainerItemProxy */;
		};
/* End PBXTargetDependency section */

/* Begin PBXVariantGroup section */
		FAC63C8825C81380009A675F /* LaunchScreen.storyboard */ = {
			isa = PBXVariantGroup;
			children = (
				FAC63C8925C81380009A675F /* Base */,
			);
			name = LaunchScreen.storyboard;
			sourceTree = "<group>";
		};
/* End PBXVariantGroup section */

/* Begin XCBuildConfiguration section */
		FAC63CA225C81382009A675F /* Debug */ = {
			isa = XCBuildConfiguration;
			buildSettings = {
				ALWAYS_SEARCH_USER_PATHS = NO;
				CLANG_ANALYZER_NONNULL = YES;
				CLANG_ANALYZER_NUMBER_OBJECT_CONVERSION = YES_AGGRESSIVE;
				CLANG_CXX_LANGUAGE_STANDARD = "gnu++14";
				CLANG_CXX_LIBRARY = "libc++";
				CLANG_ENABLE_MODULES = YES;
				CLANG_ENABLE_OBJC_ARC = YES;
				CLANG_ENABLE_OBJC_WEAK = YES;
				CLANG_WARN_BLOCK_CAPTURE_AUTORELEASING = YES;
				CLANG_WARN_BOOL_CONVERSION = YES;
				CLANG_WARN_COMMA = YES;
				CLANG_WARN_CONSTANT_CONVERSION = YES;
				CLANG_WARN_DEPRECATED_OBJC_IMPLEMENTATIONS = YES;
				CLANG_WARN_DIRECT_OBJC_ISA_USAGE = YES_ERROR;
				CLANG_WARN_DOCUMENTATION_COMMENTS = YES;
				CLANG_WARN_EMPTY_BODY = YES;
				CLANG_WARN_ENUM_CONVERSION = YES;
				CLANG_WARN_INFINITE_RECURSION = YES;
				CLANG_WARN_INT_CONVERSION = YES;
				CLANG_WARN_NON_LITERAL_NULL_CONVERSION = YES;
				CLANG_WARN_OBJC_IMPLICIT_RETAIN_SELF = YES;
				CLANG_WARN_OBJC_LITERAL_CONVERSION = YES;
				CLANG_WARN_OBJC_ROOT_CLASS = YES_ERROR;
				CLANG_WARN_QUOTED_INCLUDE_IN_FRAMEWORK_HEADER = YES;
				CLANG_WARN_RANGE_LOOP_ANALYSIS = YES;
				CLANG_WARN_STRICT_PROTOTYPES = YES;
				CLANG_WARN_SUSPICIOUS_MOVE = YES;
				CLANG_WARN_UNGUARDED_AVAILABILITY = YES_AGGRESSIVE;
				CLANG_WARN_UNREACHABLE_CODE = YES;
				CLANG_WARN__DUPLICATE_METHOD_MATCH = YES;
				COPY_PHASE_STRIP = NO;
				DEBUG_INFORMATION_FORMAT = dwarf;
				ENABLE_STRICT_OBJC_MSGSEND = YES;
				ENABLE_TESTABILITY = YES;
				GCC_C_LANGUAGE_STANDARD = gnu11;
				GCC_DYNAMIC_NO_PIC = NO;
				GCC_NO_COMMON_BLOCKS = YES;
				GCC_OPTIMIZATION_LEVEL = 0;
				GCC_PREPROCESSOR_DEFINITIONS = (
					"DEBUG=1",
					"$(inherited)",
				);
				GCC_WARN_64_TO_32_BIT_CONVERSION = YES;
				GCC_WARN_ABOUT_RETURN_TYPE = YES_ERROR;
				GCC_WARN_UNDECLARED_SELECTOR = YES;
				GCC_WARN_UNINITIALIZED_AUTOS = YES_AGGRESSIVE;
				GCC_WARN_UNUSED_FUNCTION = YES;
				GCC_WARN_UNUSED_VARIABLE = YES;
				IPHONEOS_DEPLOYMENT_TARGET = 14.0;
				MTL_ENABLE_DEBUG_INFO = INCLUDE_SOURCE;
				MTL_FAST_MATH = YES;
				ONLY_ACTIVE_ARCH = YES;
				SDKROOT = iphoneos;
				SWIFT_ACTIVE_COMPILATION_CONDITIONS = DEBUG;
				SWIFT_OPTIMIZATION_LEVEL = "-Onone";
			};
			name = Debug;
		};
		FAC63CA325C81382009A675F /* Release */ = {
			isa = XCBuildConfiguration;
			buildSettings = {
				ALWAYS_SEARCH_USER_PATHS = NO;
				CLANG_ANALYZER_NONNULL = YES;
				CLANG_ANALYZER_NUMBER_OBJECT_CONVERSION = YES_AGGRESSIVE;
				CLANG_CXX_LANGUAGE_STANDARD = "gnu++14";
				CLANG_CXX_LIBRARY = "libc++";
				CLANG_ENABLE_MODULES = YES;
				CLANG_ENABLE_OBJC_ARC = YES;
				CLANG_ENABLE_OBJC_WEAK = YES;
				CLANG_WARN_BLOCK_CAPTURE_AUTORELEASING = YES;
				CLANG_WARN_BOOL_CONVERSION = YES;
				CLANG_WARN_COMMA = YES;
				CLANG_WARN_CONSTANT_CONVERSION = YES;
				CLANG_WARN_DEPRECATED_OBJC_IMPLEMENTATIONS = YES;
				CLANG_WARN_DIRECT_OBJC_ISA_USAGE = YES_ERROR;
				CLANG_WARN_DOCUMENTATION_COMMENTS = YES;
				CLANG_WARN_EMPTY_BODY = YES;
				CLANG_WARN_ENUM_CONVERSION = YES;
				CLANG_WARN_INFINITE_RECURSION = YES;
				CLANG_WARN_INT_CONVERSION = YES;
				CLANG_WARN_NON_LITERAL_NULL_CONVERSION = YES;
				CLANG_WARN_OBJC_IMPLICIT_RETAIN_SELF = YES;
				CLANG_WARN_OBJC_LITERAL_CONVERSION = YES;
				CLANG_WARN_OBJC_ROOT_CLASS = YES_ERROR;
				CLANG_WARN_QUOTED_INCLUDE_IN_FRAMEWORK_HEADER = YES;
				CLANG_WARN_RANGE_LOOP_ANALYSIS = YES;
				CLANG_WARN_STRICT_PROTOTYPES = YES;
				CLANG_WARN_SUSPICIOUS_MOVE = YES;
				CLANG_WARN_UNGUARDED_AVAILABILITY = YES_AGGRESSIVE;
				CLANG_WARN_UNREACHABLE_CODE = YES;
				CLANG_WARN__DUPLICATE_METHOD_MATCH = YES;
				COPY_PHASE_STRIP = NO;
				DEBUG_INFORMATION_FORMAT = "dwarf-with-dsym";
				ENABLE_NS_ASSERTIONS = NO;
				ENABLE_STRICT_OBJC_MSGSEND = YES;
				GCC_C_LANGUAGE_STANDARD = gnu11;
				GCC_NO_COMMON_BLOCKS = YES;
				GCC_WARN_64_TO_32_BIT_CONVERSION = YES;
				GCC_WARN_ABOUT_RETURN_TYPE = YES_ERROR;
				GCC_WARN_UNDECLARED_SELECTOR = YES;
				GCC_WARN_UNINITIALIZED_AUTOS = YES_AGGRESSIVE;
				GCC_WARN_UNUSED_FUNCTION = YES;
				GCC_WARN_UNUSED_VARIABLE = YES;
				IPHONEOS_DEPLOYMENT_TARGET = 14.0;
				MTL_ENABLE_DEBUG_INFO = NO;
				MTL_FAST_MATH = YES;
				SDKROOT = iphoneos;
				SWIFT_COMPILATION_MODE = wholemodule;
				SWIFT_OPTIMIZATION_LEVEL = "-O";
				VALIDATE_PRODUCT = YES;
			};
			name = Release;
		};
		FAC63CA525C81382009A675F /* Debug */ = {
			isa = XCBuildConfiguration;
			buildSettings = {
				ASSETCATALOG_COMPILER_APPICON_NAME = AppIcon;
				ASSETCATALOG_COMPILER_GLOBAL_ACCENT_COLOR_NAME = AccentColor;
				CODE_SIGN_STYLE = Automatic;
				DEVELOPMENT_TEAM = 65N2H53466;
				INFOPLIST_FILE = QuizApp/Info.plist;
				LD_RUNPATH_SEARCH_PATHS = (
					"$(inherited)",
					"@executable_path/Frameworks",
				);
				PRODUCT_BUNDLE_IDENTIFIER = com.VinodSupnekar.QuizApp;
				PRODUCT_NAME = "$(TARGET_NAME)";
				SWIFT_VERSION = 5.0;
				TARGETED_DEVICE_FAMILY = "1,2";
			};
			name = Debug;
		};
		FAC63CA625C81382009A675F /* Release */ = {
			isa = XCBuildConfiguration;
			buildSettings = {
				ASSETCATALOG_COMPILER_APPICON_NAME = AppIcon;
				ASSETCATALOG_COMPILER_GLOBAL_ACCENT_COLOR_NAME = AccentColor;
				CODE_SIGN_STYLE = Automatic;
				DEVELOPMENT_TEAM = 65N2H53466;
				INFOPLIST_FILE = QuizApp/Info.plist;
				LD_RUNPATH_SEARCH_PATHS = (
					"$(inherited)",
					"@executable_path/Frameworks",
				);
				PRODUCT_BUNDLE_IDENTIFIER = com.VinodSupnekar.QuizApp;
				PRODUCT_NAME = "$(TARGET_NAME)";
				SWIFT_VERSION = 5.0;
				TARGETED_DEVICE_FAMILY = "1,2";
			};
			name = Release;
		};
		FAC63CA825C81382009A675F /* Debug */ = {
			isa = XCBuildConfiguration;
			buildSettings = {
				ALWAYS_EMBED_SWIFT_STANDARD_LIBRARIES = YES;
				BUNDLE_LOADER = "$(TEST_HOST)";
				CODE_SIGN_STYLE = Automatic;
				DEVELOPMENT_TEAM = 65N2H53466;
				INFOPLIST_FILE = QuizAppTests/Info.plist;
				IPHONEOS_DEPLOYMENT_TARGET = 14.0;
				LD_RUNPATH_SEARCH_PATHS = (
					"$(inherited)",
					"@executable_path/Frameworks",
					"@loader_path/Frameworks",
				);
				PRODUCT_BUNDLE_IDENTIFIER = com.VinodSupnekar.QuizAppTests;
				PRODUCT_NAME = "$(TARGET_NAME)";
				SWIFT_VERSION = 5.0;
				TARGETED_DEVICE_FAMILY = "1,2";
				TEST_HOST = "$(BUILT_PRODUCTS_DIR)/QuizApp.app/QuizApp";
			};
			name = Debug;
		};
		FAC63CA925C81382009A675F /* Release */ = {
			isa = XCBuildConfiguration;
			buildSettings = {
				ALWAYS_EMBED_SWIFT_STANDARD_LIBRARIES = YES;
				BUNDLE_LOADER = "$(TEST_HOST)";
				CODE_SIGN_STYLE = Automatic;
				DEVELOPMENT_TEAM = 65N2H53466;
				INFOPLIST_FILE = QuizAppTests/Info.plist;
				IPHONEOS_DEPLOYMENT_TARGET = 14.0;
				LD_RUNPATH_SEARCH_PATHS = (
					"$(inherited)",
					"@executable_path/Frameworks",
					"@loader_path/Frameworks",
				);
				PRODUCT_BUNDLE_IDENTIFIER = com.VinodSupnekar.QuizAppTests;
				PRODUCT_NAME = "$(TARGET_NAME)";
				SWIFT_VERSION = 5.0;
				TARGETED_DEVICE_FAMILY = "1,2";
				TEST_HOST = "$(BUILT_PRODUCTS_DIR)/QuizApp.app/QuizApp";
			};
			name = Release;
		};
/* End XCBuildConfiguration section */

/* Begin XCConfigurationList section */
		FAC63C7525C81376009A675F /* Build configuration list for PBXProject "QuizApp" */ = {
			isa = XCConfigurationList;
			buildConfigurations = (
				FAC63CA225C81382009A675F /* Debug */,
				FAC63CA325C81382009A675F /* Release */,
			);
			defaultConfigurationIsVisible = 0;
			defaultConfigurationName = Release;
		};
		FAC63CA425C81382009A675F /* Build configuration list for PBXNativeTarget "QuizApp" */ = {
			isa = XCConfigurationList;
			buildConfigurations = (
				FAC63CA525C81382009A675F /* Debug */,
				FAC63CA625C81382009A675F /* Release */,
			);
			defaultConfigurationIsVisible = 0;
			defaultConfigurationName = Release;
		};
		FAC63CA725C81382009A675F /* Build configuration list for PBXNativeTarget "QuizAppTests" */ = {
			isa = XCConfigurationList;
			buildConfigurations = (
				FAC63CA825C81382009A675F /* Debug */,
				FAC63CA925C81382009A675F /* Release */,
			);
			defaultConfigurationIsVisible = 0;
			defaultConfigurationName = Release;
		};
/* End XCConfigurationList section */
	};
	rootObject = FAC63C7225C81376009A675F /* Project object */;
}
